
Microsoft Visual Studio Solution File, Format Version 12.00
# Visual Studio Version 17
VisualStudioVersion = 17.6.33723.286
MinimumVisualStudioVersion = 10.0.40219.1
Project("{9A19103F-16F7-4668-BE54-9A1E7A4F7556}") = "MultiTenant.ChangeContext", "MultipleTenants\MultiTenant.ChangeContext.csproj", "{22BD86C9-00DB-464E-B9C3-0C3028EA6E45}"
EndProject
Project("{FAE04EC0-301F-11D3-BF4B-00C04F79EFBC}") = "MultiTenant.ChangeConnection", "MultiTenat.ChangeConnection\MultiTenant.ChangeConnection.csproj", "{EDC92893-BBAF-4C3F-95C0-EB80AE44EE29}"
EndProject
Global
	GlobalSection(SolutionConfigurationPlatforms) = preSolution
		Debug|Any CPU = Debug|Any CPU
		Release|Any CPU = Release|Any CPU
	EndGlobalSection
	GlobalSection(ProjectConfigurationPlatforms) = postSolution
		{22BD86C9-00DB-464E-B9C3-0C3028EA6E45}.Debug|Any CPU.ActiveCfg = Debug|Any CPU
		{22BD86C9-00DB-464E-B9C3-0C3028EA6E45}.Debug|Any CPU.Build.0 = Debug|Any CPU
		{22BD86C9-00DB-464E-B9C3-0C3028EA6E45}.Release|Any CPU.ActiveCfg = Release|Any CPU
		{22BD86C9-00DB-464E-B9C3-0C3028EA6E45}.Release|Any CPU.Build.0 = Release|Any CPU
		{EDC92893-BBAF-4C3F-95C0-EB80AE44EE29}.Debug|Any CPU.ActiveCfg = Debug|Any CPU
		{EDC92893-BBAF-4C3F-95C0-EB80AE44EE29}.Debug|Any CPU.Build.0 = Debug|Any CPU
		{EDC92893-BBAF-4C3F-95C0-EB80AE44EE29}.Release|Any CPU.ActiveCfg = Release|Any CPU
		{EDC92893-BBAF-4C3F-95C0-EB80AE44EE29}.Release|Any CPU.Build.0 = Release|Any CPU
	EndGlobalSection
	GlobalSection(SolutionProperties) = preSolution
		HideSolutionNode = FALSE
	EndGlobalSection
	GlobalSection(ExtensibilityGlobals) = postSolution
		SolutionGuid = {B3B5FA14-35D3-426C-983D-10BCF51BDF34}
	EndGlobalSection
EndGlobal
